// !$*UTF8*$!
{
	archiveVersion = 1;
	classes = {
	};
	objectVersion = 52;
	objects = {

/* Begin PBXBuildFile section */
		AD0CF698231418E0000217B5 /* Endpoints.swift in Sources */ = {isa = PBXBuildFile; fileRef = AD0CF697231418E0000217B5 /* Endpoints.swift */; };
		AD0CF69A231426A0000217B5 /* MoviesTableViewController.swift in Sources */ = {isa = PBXBuildFile; fileRef = AD0CF699231426A0000217B5 /* MoviesTableViewController.swift */; };
		AD0CF69C2314270A000217B5 /* MovieTableViewCell.swift in Sources */ = {isa = PBXBuildFile; fileRef = AD0CF69B2314270A000217B5 /* MovieTableViewCell.swift */; };
		AD0CF69E23145F85000217B5 /* MovieDetailViewController.swift in Sources */ = {isa = PBXBuildFile; fileRef = AD0CF69D23145F85000217B5 /* MovieDetailViewController.swift */; };
		AD0CF6A123146D4A000217B5 /* RoundedImageView.swift in Sources */ = {isa = PBXBuildFile; fileRef = AD0CF6A023146D4A000217B5 /* RoundedImageView.swift */; };
		AD46E9982328705A00FA6B9B /* DiscoverAPI.swift in Sources */ = {isa = PBXBuildFile; fileRef = AD46E9972328705A00FA6B9B /* DiscoverAPI.swift */; };
		AD59CCCD231D6CF700E2B156 /* ShowsTableViewController.swift in Sources */ = {isa = PBXBuildFile; fileRef = AD59CCCC231D6CF700E2B156 /* ShowsTableViewController.swift */; };
		AD59CCCF231D6E2100E2B156 /* TVShowTableViewCell.swift in Sources */ = {isa = PBXBuildFile; fileRef = AD59CCCE231D6E2100E2B156 /* TVShowTableViewCell.swift */; };
		AD59CCD1231D802500E2B156 /* ShowDetailsViewController.swift in Sources */ = {isa = PBXBuildFile; fileRef = AD59CCD0231D802500E2B156 /* ShowDetailsViewController.swift */; };
		AD950A6323119F0B00C7A7F6 /* AppDelegate.swift in Sources */ = {isa = PBXBuildFile; fileRef = AD950A6223119F0B00C7A7F6 /* AppDelegate.swift */; };
		AD950A6823119F0B00C7A7F6 /* Main.storyboard in Resources */ = {isa = PBXBuildFile; fileRef = AD950A6623119F0B00C7A7F6 /* Main.storyboard */; };
		AD950A6D23119F0C00C7A7F6 /* LaunchScreen.storyboard in Resources */ = {isa = PBXBuildFile; fileRef = AD950A6B23119F0C00C7A7F6 /* LaunchScreen.storyboard */; };
		AD950A762311A00D00C7A7F6 /* Movie.swift in Sources */ = {isa = PBXBuildFile; fileRef = AD950A752311A00D00C7A7F6 /* Movie.swift */; };
		AD950A782311A2EF00C7A7F6 /* MoviesAPI.swift in Sources */ = {isa = PBXBuildFile; fileRef = AD950A772311A2EF00C7A7F6 /* MoviesAPI.swift */; };
		AD97BE342326E8A90070F9FD /* Kingfisher in Frameworks */ = {isa = PBXBuildFile; productRef = AD97BE332326E8A90070F9FD /* Kingfisher */; };
		AD97BE372326F9460070F9FD /* Shows.storyboard in Resources */ = {isa = PBXBuildFile; fileRef = AD97BE352326F9460070F9FD /* Shows.storyboard */; };
		AD97BE3A23270BC40070F9FD /* SearchViewController.swift in Sources */ = {isa = PBXBuildFile; fileRef = AD97BE3923270BC40070F9FD /* SearchViewController.swift */; };
		AD97BE3C232735EB0070F9FD /* MediaItem.swift in Sources */ = {isa = PBXBuildFile; fileRef = AD97BE3B232735EB0070F9FD /* MediaItem.swift */; };
		AD97BE3E232806DE0070F9FD /* Trending.swift in Sources */ = {isa = PBXBuildFile; fileRef = AD97BE3D232806DE0070F9FD /* Trending.swift */; };
		AD97BE40232811650070F9FD /* TrendingTableViewCell.swift in Sources */ = {isa = PBXBuildFile; fileRef = AD97BE3F232811650070F9FD /* TrendingTableViewCell.swift */; };
		ADAEEEE7231BD43B008023AD /* SimilarElementCell.swift in Sources */ = {isa = PBXBuildFile; fileRef = ADAEEEE6231BD43B008023AD /* SimilarElementCell.swift */; };
		ADAEEEEC231C7EB4008023AD /* Moives.storyboard in Resources */ = {isa = PBXBuildFile; fileRef = ADAEEEEB231C7EB4008023AD /* Moives.storyboard */; };
		ADAEEEEE231C8680008023AD /* Assets.xcassets in Resources */ = {isa = PBXBuildFile; fileRef = ADAEEEED231C8680008023AD /* Assets.xcassets */; };
		ADAEEEF0231C87FE008023AD /* Show.swift in Sources */ = {isa = PBXBuildFile; fileRef = ADAEEEEF231C87FE008023AD /* Show.swift */; };
		ADAEEEF2231C8A87008023AD /* Listing.swift in Sources */ = {isa = PBXBuildFile; fileRef = ADAEEEF1231C8A87008023AD /* Listing.swift */; };
		ADC65FCA2315ADFE002ACB9B /* Genre.swift in Sources */ = {isa = PBXBuildFile; fileRef = ADC65FC92315ADFE002ACB9B /* Genre.swift */; };
		ADEBD8BB2323DD300035F581 /* ShowsAPI.swift in Sources */ = {isa = PBXBuildFile; fileRef = ADEBD8BA2323DD300035F581 /* ShowsAPI.swift */; };
		ADEBD8BD2323DDC70035F581 /* Sorting.swift in Sources */ = {isa = PBXBuildFile; fileRef = ADEBD8BC2323DDC70035F581 /* Sorting.swift */; };
		ADEF1005231EE89500BA8549 /* MoviesViewControllerTest.swift in Sources */ = {isa = PBXBuildFile; fileRef = ADEF1004231EE89500BA8549 /* MoviesViewControllerTest.swift */; };
		ADF69F09231EDC3C00C7CCAD /* _.gitignore_  in Resources */ = {isa = PBXBuildFile; fileRef = ADF69F08231EDC3C00C7CCAD /* _.gitignore_  */; };
/* End PBXBuildFile section */

/* Begin PBXContainerItemProxy section */
		ADEF1007231EE89500BA8549 /* PBXContainerItemProxy */ = {
			isa = PBXContainerItemProxy;
			containerPortal = AD950A5723119F0B00C7A7F6 /* Project object */;
			proxyType = 1;
			remoteGlobalIDString = AD950A5E23119F0B00C7A7F6;
			remoteInfo = Cinephilia;
		};
/* End PBXContainerItemProxy section */

/* Begin PBXFileReference section */
		AD0CF697231418E0000217B5 /* Endpoints.swift */ = {isa = PBXFileReference; lastKnownFileType = sourcecode.swift; path = Endpoints.swift; sourceTree = "<group>"; };
		AD0CF699231426A0000217B5 /* MoviesTableViewController.swift */ = {isa = PBXFileReference; lastKnownFileType = sourcecode.swift; path = MoviesTableViewController.swift; sourceTree = "<group>"; };
		AD0CF69B2314270A000217B5 /* MovieTableViewCell.swift */ = {isa = PBXFileReference; lastKnownFileType = sourcecode.swift; path = MovieTableViewCell.swift; sourceTree = "<group>"; };
		AD0CF69D23145F85000217B5 /* MovieDetailViewController.swift */ = {isa = PBXFileReference; lastKnownFileType = sourcecode.swift; path = MovieDetailViewController.swift; sourceTree = "<group>"; };
		AD0CF6A023146D4A000217B5 /* RoundedImageView.swift */ = {isa = PBXFileReference; lastKnownFileType = sourcecode.swift; path = RoundedImageView.swift; sourceTree = "<group>"; };
		AD1C4D7B231E0DD0001C9B02 /* README.md */ = {isa = PBXFileReference; lastKnownFileType = net.daringfireball.markdown; path = README.md; sourceTree = "<group>"; };
		AD46E9972328705A00FA6B9B /* DiscoverAPI.swift */ = {isa = PBXFileReference; lastKnownFileType = sourcecode.swift; path = DiscoverAPI.swift; sourceTree = "<group>"; };
		AD59CCCC231D6CF700E2B156 /* ShowsTableViewController.swift */ = {isa = PBXFileReference; lastKnownFileType = sourcecode.swift; path = ShowsTableViewController.swift; sourceTree = "<group>"; };
		AD59CCCE231D6E2100E2B156 /* TVShowTableViewCell.swift */ = {isa = PBXFileReference; lastKnownFileType = sourcecode.swift; path = TVShowTableViewCell.swift; sourceTree = "<group>"; };
		AD59CCD0231D802500E2B156 /* ShowDetailsViewController.swift */ = {isa = PBXFileReference; lastKnownFileType = sourcecode.swift; path = ShowDetailsViewController.swift; sourceTree = "<group>"; };
		AD950A5F23119F0B00C7A7F6 /* Cinephilia.app */ = {isa = PBXFileReference; explicitFileType = wrapper.application; includeInIndex = 0; path = Cinephilia.app; sourceTree = BUILT_PRODUCTS_DIR; };
		AD950A6223119F0B00C7A7F6 /* AppDelegate.swift */ = {isa = PBXFileReference; lastKnownFileType = sourcecode.swift; path = AppDelegate.swift; sourceTree = "<group>"; };
		AD950A6723119F0B00C7A7F6 /* Base */ = {isa = PBXFileReference; lastKnownFileType = file.storyboard; name = Base; path = Base.lproj/Main.storyboard; sourceTree = "<group>"; };
		AD950A6C23119F0C00C7A7F6 /* Base */ = {isa = PBXFileReference; lastKnownFileType = file.storyboard; name = Base; path = Base.lproj/LaunchScreen.storyboard; sourceTree = "<group>"; };
		AD950A6E23119F0C00C7A7F6 /* Info.plist */ = {isa = PBXFileReference; lastKnownFileType = text.plist.xml; path = Info.plist; sourceTree = "<group>"; };
		AD950A752311A00D00C7A7F6 /* Movie.swift */ = {isa = PBXFileReference; lastKnownFileType = sourcecode.swift; path = Movie.swift; sourceTree = "<group>"; };
		AD950A772311A2EF00C7A7F6 /* MoviesAPI.swift */ = {isa = PBXFileReference; lastKnownFileType = sourcecode.swift; path = MoviesAPI.swift; sourceTree = "<group>"; };
		AD97BE362326F9460070F9FD /* Base */ = {isa = PBXFileReference; lastKnownFileType = file.storyboard; name = Base; path = Cinephilia/Base.lproj/Shows.storyboard; sourceTree = "<group>"; };
		AD97BE3923270BC40070F9FD /* SearchViewController.swift */ = {isa = PBXFileReference; lastKnownFileType = sourcecode.swift; path = SearchViewController.swift; sourceTree = "<group>"; };
		AD97BE3B232735EB0070F9FD /* MediaItem.swift */ = {isa = PBXFileReference; lastKnownFileType = sourcecode.swift; path = MediaItem.swift; sourceTree = "<group>"; };
		AD97BE3D232806DE0070F9FD /* Trending.swift */ = {isa = PBXFileReference; lastKnownFileType = sourcecode.swift; path = Trending.swift; sourceTree = "<group>"; };
		AD97BE3F232811650070F9FD /* TrendingTableViewCell.swift */ = {isa = PBXFileReference; lastKnownFileType = sourcecode.swift; path = TrendingTableViewCell.swift; sourceTree = "<group>"; };
		ADAEEEE6231BD43B008023AD /* SimilarElementCell.swift */ = {isa = PBXFileReference; lastKnownFileType = sourcecode.swift; path = SimilarElementCell.swift; sourceTree = "<group>"; };
		ADAEEEEB231C7EB4008023AD /* Moives.storyboard */ = {isa = PBXFileReference; fileEncoding = 4; lastKnownFileType = file.storyboard; path = Moives.storyboard; sourceTree = "<group>"; };
		ADAEEEED231C8680008023AD /* Assets.xcassets */ = {isa = PBXFileReference; lastKnownFileType = folder.assetcatalog; path = Assets.xcassets; sourceTree = "<group>"; };
		ADAEEEEF231C87FE008023AD /* Show.swift */ = {isa = PBXFileReference; lastKnownFileType = sourcecode.swift; path = Show.swift; sourceTree = "<group>"; };
		ADAEEEF1231C8A87008023AD /* Listing.swift */ = {isa = PBXFileReference; lastKnownFileType = sourcecode.swift; path = Listing.swift; sourceTree = "<group>"; };
		ADC65FC92315ADFE002ACB9B /* Genre.swift */ = {isa = PBXFileReference; lastKnownFileType = sourcecode.swift; path = Genre.swift; sourceTree = "<group>"; };
		ADEBD8BA2323DD300035F581 /* ShowsAPI.swift */ = {isa = PBXFileReference; lastKnownFileType = sourcecode.swift; path = ShowsAPI.swift; sourceTree = "<group>"; };
		ADEBD8BC2323DDC70035F581 /* Sorting.swift */ = {isa = PBXFileReference; lastKnownFileType = sourcecode.swift; path = Sorting.swift; sourceTree = "<group>"; };
		ADEF1002231EE89500BA8549 /* MoviesViewControllerTest.xctest */ = {isa = PBXFileReference; explicitFileType = wrapper.cfbundle; includeInIndex = 0; path = MoviesViewControllerTest.xctest; sourceTree = BUILT_PRODUCTS_DIR; };
		ADEF1004231EE89500BA8549 /* MoviesViewControllerTest.swift */ = {isa = PBXFileReference; lastKnownFileType = sourcecode.swift; path = MoviesViewControllerTest.swift; sourceTree = "<group>"; };
		ADEF1006231EE89500BA8549 /* Info.plist */ = {isa = PBXFileReference; lastKnownFileType = text.plist.xml; path = Info.plist; sourceTree = "<group>"; };
		ADF69F08231EDC3C00C7CCAD /* _.gitignore_  */ = {isa = PBXFileReference; lastKnownFileType = text; path = "_.gitignore_ "; sourceTree = "<group>"; };
/* End PBXFileReference section */

/* Begin PBXFrameworksBuildPhase section */
		AD950A5C23119F0B00C7A7F6 /* Frameworks */ = {
			isa = PBXFrameworksBuildPhase;
			buildActionMask = 2147483647;
			files = (
				AD97BE342326E8A90070F9FD /* Kingfisher in Frameworks */,
			);
			runOnlyForDeploymentPostprocessing = 0;
		};
		ADEF0FFF231EE89500BA8549 /* Frameworks */ = {
			isa = PBXFrameworksBuildPhase;
			buildActionMask = 2147483647;
			files = (
			);
			runOnlyForDeploymentPostprocessing = 0;
		};
/* End PBXFrameworksBuildPhase section */

/* Begin PBXGroup section */
		AD0CF69F23146D33000217B5 /* View */ = {
			isa = PBXGroup;
			children = (
				AD0CF6A023146D4A000217B5 /* RoundedImageView.swift */,
			);
			path = View;
			sourceTree = "<group>";
		};
		AD950A5623119F0B00C7A7F6 = {
			isa = PBXGroup;
			children = (
				AD950A6123119F0B00C7A7F6 /* Cinephilia */,
				ADEF1003231EE89500BA8549 /* MoviesViewControllerTest */,
				AD950A6023119F0B00C7A7F6 /* Products */,
			);
			sourceTree = "<group>";
		};
		AD950A6023119F0B00C7A7F6 /* Products */ = {
			isa = PBXGroup;
			children = (
				AD950A5F23119F0B00C7A7F6 /* Cinephilia.app */,
				ADEF1002231EE89500BA8549 /* MoviesViewControllerTest.xctest */,
			);
			name = Products;
			sourceTree = "<group>";
		};
		AD950A6123119F0B00C7A7F6 /* Cinephilia */ = {
			isa = PBXGroup;
			children = (
				ADC65FC2231588F4002ACB9B /* Supporting Files */,
				ADC65FC1231588E0002ACB9B /* Controller */,
				ADC65FC0231588D4002ACB9B /* Data */,
				AD0CF69F23146D33000217B5 /* View */,
				AD950A6623119F0B00C7A7F6 /* Main.storyboard */,
				ADAEEEEB231C7EB4008023AD /* Moives.storyboard */,
				AD97BE352326F9460070F9FD /* Shows.storyboard */,
				AD950A6E23119F0C00C7A7F6 /* Info.plist */,
				AD1C4D7B231E0DD0001C9B02 /* README.md */,
				ADF69F08231EDC3C00C7CCAD /* _.gitignore_  */,
			);
			path = Cinephilia;
			sourceTree = "<group>";
		};
		AD950A7423119F6600C7A7F6 /* Model */ = {
			isa = PBXGroup;
			children = (
				ADAEEEF1231C8A87008023AD /* Listing.swift */,
				AD97BE3B232735EB0070F9FD /* MediaItem.swift */,
				AD950A752311A00D00C7A7F6 /* Movie.swift */,
				ADAEEEEF231C87FE008023AD /* Show.swift */,
				ADC65FC92315ADFE002ACB9B /* Genre.swift */,
				AD97BE3D232806DE0070F9FD /* Trending.swift */,
			);
			path = Model;
			sourceTree = "<group>";
		};
		AD97BE3823270B020070F9FD /* Search */ = {
			isa = PBXGroup;
			children = (
				AD97BE3923270BC40070F9FD /* SearchViewController.swift */,
				AD97BE3F232811650070F9FD /* TrendingTableViewCell.swift */,
			);
			path = Search;
			sourceTree = "<group>";
		};
		ADAEEEEA231C7CA0008023AD /* TV */ = {
			isa = PBXGroup;
			children = (
				AD59CCCC231D6CF700E2B156 /* ShowsTableViewController.swift */,
				AD59CCCE231D6E2100E2B156 /* TVShowTableViewCell.swift */,
				AD59CCD0231D802500E2B156 /* ShowDetailsViewController.swift */,
			);
			path = TV;
			sourceTree = "<group>";
		};
		ADC65FC0231588D4002ACB9B /* Data */ = {
			isa = PBXGroup;
			children = (
				ADC65FC32315890C002ACB9B /* API */,
				AD950A7423119F6600C7A7F6 /* Model */,
			);
			path = Data;
			sourceTree = "<group>";
		};
		ADC65FC1231588E0002ACB9B /* Controller */ = {
			isa = PBXGroup;
			children = (
				AD97BE3823270B020070F9FD /* Search */,
				ADEBD8BE2323E4D40035F581 /* Movie */,
				ADAEEEEA231C7CA0008023AD /* TV */,
			);
			path = Controller;
			sourceTree = "<group>";
		};
		ADC65FC2231588F4002ACB9B /* Supporting Files */ = {
			isa = PBXGroup;
			children = (
				AD950A6223119F0B00C7A7F6 /* AppDelegate.swift */,
				ADAEEEED231C8680008023AD /* Assets.xcassets */,
				AD950A6B23119F0C00C7A7F6 /* LaunchScreen.storyboard */,
			);
			path = "Supporting Files";
			sourceTree = "<group>";
		};
		ADC65FC32315890C002ACB9B /* API */ = {
			isa = PBXGroup;
			children = (
				AD0CF697231418E0000217B5 /* Endpoints.swift */,
				AD950A772311A2EF00C7A7F6 /* MoviesAPI.swift */,
				ADEBD8BA2323DD300035F581 /* ShowsAPI.swift */,
				ADEBD8BC2323DDC70035F581 /* Sorting.swift */,
				AD46E9972328705A00FA6B9B /* DiscoverAPI.swift */,
			);
			path = API;
			sourceTree = "<group>";
		};
		ADEBD8BE2323E4D40035F581 /* Movie */ = {
			isa = PBXGroup;
			children = (
				AD0CF699231426A0000217B5 /* MoviesTableViewController.swift */,
				AD0CF69B2314270A000217B5 /* MovieTableViewCell.swift */,
				AD0CF69D23145F85000217B5 /* MovieDetailViewController.swift */,
				ADAEEEE6231BD43B008023AD /* SimilarElementCell.swift */,
			);
			path = Movie;
			sourceTree = "<group>";
		};
		ADEF1003231EE89500BA8549 /* MoviesViewControllerTest */ = {
			isa = PBXGroup;
			children = (
				ADEF1004231EE89500BA8549 /* MoviesViewControllerTest.swift */,
				ADEF1006231EE89500BA8549 /* Info.plist */,
			);
			path = MoviesViewControllerTest;
			sourceTree = "<group>";
		};
/* End PBXGroup section */

/* Begin PBXNativeTarget section */
		AD950A5E23119F0B00C7A7F6 /* Cinephilia */ = {
			isa = PBXNativeTarget;
			buildConfigurationList = AD950A7123119F0C00C7A7F6 /* Build configuration list for PBXNativeTarget "Cinephilia" */;
			buildPhases = (
				AD950A5B23119F0B00C7A7F6 /* Sources */,
				AD950A5C23119F0B00C7A7F6 /* Frameworks */,
				AD950A5D23119F0B00C7A7F6 /* Resources */,
			);
			buildRules = (
			);
			dependencies = (
			);
			name = Cinephilia;
			packageProductDependencies = (
				AD97BE332326E8A90070F9FD /* Kingfisher */,
			);
			productName = Cinephilia;
			productReference = AD950A5F23119F0B00C7A7F6 /* Cinephilia.app */;
			productType = "com.apple.product-type.application";
		};
		ADEF1001231EE89500BA8549 /* MoviesViewControllerTest */ = {
			isa = PBXNativeTarget;
			buildConfigurationList = ADEF1009231EE89500BA8549 /* Build configuration list for PBXNativeTarget "MoviesViewControllerTest" */;
			buildPhases = (
				ADEF0FFE231EE89500BA8549 /* Sources */,
				ADEF0FFF231EE89500BA8549 /* Frameworks */,
				ADEF1000231EE89500BA8549 /* Resources */,
			);
			buildRules = (
			);
			dependencies = (
				ADEF1008231EE89500BA8549 /* PBXTargetDependency */,
			);
			name = MoviesViewControllerTest;
			productName = MoviesViewControllerTest;
			productReference = ADEF1002231EE89500BA8549 /* MoviesViewControllerTest.xctest */;
			productType = "com.apple.product-type.bundle.ui-testing";
		};
/* End PBXNativeTarget section */

/* Begin PBXProject section */
		AD950A5723119F0B00C7A7F6 /* Project object */ = {
			isa = PBXProject;
			attributes = {
				LastSwiftUpdateCheck = 1030;
				LastUpgradeCheck = 1030;
				ORGANIZATIONNAME = "Amr Elghobary";
				TargetAttributes = {
					AD950A5E23119F0B00C7A7F6 = {
						CreatedOnToolsVersion = 10.3;
					};
					ADEF1001231EE89500BA8549 = {
						CreatedOnToolsVersion = 10.3;
						TestTargetID = AD950A5E23119F0B00C7A7F6;
					};
				};
			};
			buildConfigurationList = AD950A5A23119F0B00C7A7F6 /* Build configuration list for PBXProject "Cinephilia" */;
			compatibilityVersion = "Xcode 9.3";
			developmentRegion = en;
			hasScannedForEncodings = 0;
			knownRegions = (
				en,
				Base,
			);
			mainGroup = AD950A5623119F0B00C7A7F6;
			packageReferences = (
				AD97BE322326E8A90070F9FD /* XCRemoteSwiftPackageReference "Kingfisher" */,
			);
			productRefGroup = AD950A6023119F0B00C7A7F6 /* Products */;
			projectDirPath = "";
			projectRoot = "";
			targets = (
				AD950A5E23119F0B00C7A7F6 /* Cinephilia */,
				ADEF1001231EE89500BA8549 /* MoviesViewControllerTest */,
			);
		};
/* End PBXProject section */

/* Begin PBXResourcesBuildPhase section */
		AD950A5D23119F0B00C7A7F6 /* Resources */ = {
			isa = PBXResourcesBuildPhase;
			buildActionMask = 2147483647;
			files = (
				AD950A6D23119F0C00C7A7F6 /* LaunchScreen.storyboard in Resources */,
				ADF69F09231EDC3C00C7CCAD /* _.gitignore_  in Resources */,
				AD950A6823119F0B00C7A7F6 /* Main.storyboard in Resources */,
				AD97BE372326F9460070F9FD /* Shows.storyboard in Resources */,
				ADAEEEEE231C8680008023AD /* Assets.xcassets in Resources */,
				ADAEEEEC231C7EB4008023AD /* Moives.storyboard in Resources */,
			);
			runOnlyForDeploymentPostprocessing = 0;
		};
		ADEF1000231EE89500BA8549 /* Resources */ = {
			isa = PBXResourcesBuildPhase;
			buildActionMask = 2147483647;
			files = (
			);
			runOnlyForDeploymentPostprocessing = 0;
		};
/* End PBXResourcesBuildPhase section */

/* Begin PBXSourcesBuildPhase section */
		AD950A5B23119F0B00C7A7F6 /* Sources */ = {
			isa = PBXSourcesBuildPhase;
			buildActionMask = 2147483647;
			files = (
				AD59CCCF231D6E2100E2B156 /* TVShowTableViewCell.swift in Sources */,
				AD46E9982328705A00FA6B9B /* DiscoverAPI.swift in Sources */,
				AD59CCCD231D6CF700E2B156 /* ShowsTableViewController.swift in Sources */,
				AD0CF6A123146D4A000217B5 /* RoundedImageView.swift in Sources */,
				ADAEEEE7231BD43B008023AD /* SimilarElementCell.swift in Sources */,
				AD950A782311A2EF00C7A7F6 /* MoviesAPI.swift in Sources */,
				ADC65FCA2315ADFE002ACB9B /* Genre.swift in Sources */,
				AD0CF698231418E0000217B5 /* Endpoints.swift in Sources */,
				ADAEEEF2231C8A87008023AD /* Listing.swift in Sources */,
				AD0CF69C2314270A000217B5 /* MovieTableViewCell.swift in Sources */,
				AD0CF69A231426A0000217B5 /* MoviesTableViewController.swift in Sources */,
				AD0CF69E23145F85000217B5 /* MovieDetailViewController.swift in Sources */,
				AD97BE3C232735EB0070F9FD /* MediaItem.swift in Sources */,
				AD97BE3E232806DE0070F9FD /* Trending.swift in Sources */,
				ADAEEEF0231C87FE008023AD /* Show.swift in Sources */,
				AD97BE3A23270BC40070F9FD /* SearchViewController.swift in Sources */,
				ADEBD8BD2323DDC70035F581 /* Sorting.swift in Sources */,
				AD950A762311A00D00C7A7F6 /* Movie.swift in Sources */,
				AD97BE40232811650070F9FD /* TrendingTableViewCell.swift in Sources */,
				ADEBD8BB2323DD300035F581 /* ShowsAPI.swift in Sources */,
				AD59CCD1231D802500E2B156 /* ShowDetailsViewController.swift in Sources */,
				AD950A6323119F0B00C7A7F6 /* AppDelegate.swift in Sources */,
			);
			runOnlyForDeploymentPostprocessing = 0;
		};
		ADEF0FFE231EE89500BA8549 /* Sources */ = {
			isa = PBXSourcesBuildPhase;
			buildActionMask = 2147483647;
			files = (
				ADEF1005231EE89500BA8549 /* MoviesViewControllerTest.swift in Sources */,
			);
			runOnlyForDeploymentPostprocessing = 0;
		};
/* End PBXSourcesBuildPhase section */

/* Begin PBXTargetDependency section */
		ADEF1008231EE89500BA8549 /* PBXTargetDependency */ = {
			isa = PBXTargetDependency;
			target = AD950A5E23119F0B00C7A7F6 /* Cinephilia */;
			targetProxy = ADEF1007231EE89500BA8549 /* PBXContainerItemProxy */;
		};
/* End PBXTargetDependency section */

/* Begin PBXVariantGroup section */
		AD950A6623119F0B00C7A7F6 /* Main.storyboard */ = {
			isa = PBXVariantGroup;
			children = (
				AD950A6723119F0B00C7A7F6 /* Base */,
			);
			name = Main.storyboard;
			sourceTree = "<group>";
		};
		AD950A6B23119F0C00C7A7F6 /* LaunchScreen.storyboard */ = {
			isa = PBXVariantGroup;
			children = (
				AD950A6C23119F0C00C7A7F6 /* Base */,
			);
			name = LaunchScreen.storyboard;
			sourceTree = "<group>";
		};
		AD97BE352326F9460070F9FD /* Shows.storyboard */ = {
			isa = PBXVariantGroup;
			children = (
				AD97BE362326F9460070F9FD /* Base */,
			);
			name = Shows.storyboard;
			sourceTree = "<group>";
		};
/* End PBXVariantGroup section */

/* Begin XCBuildConfiguration section */
		AD950A6F23119F0C00C7A7F6 /* Debug */ = {
			isa = XCBuildConfiguration;
			buildSettings = {
				ALWAYS_SEARCH_USER_PATHS = NO;
				CLANG_ANALYZER_NONNULL = YES;
				CLANG_ANALYZER_NUMBER_OBJECT_CONVERSION = YES_AGGRESSIVE;
				CLANG_CXX_LANGUAGE_STANDARD = "gnu++14";
				CLANG_CXX_LIBRARY = "libc++";
				CLANG_ENABLE_MODULES = YES;
				CLANG_ENABLE_OBJC_ARC = YES;
				CLANG_ENABLE_OBJC_WEAK = YES;
				CLANG_WARN_BLOCK_CAPTURE_AUTORELEASING = YES;
				CLANG_WARN_BOOL_CONVERSION = YES;
				CLANG_WARN_COMMA = YES;
				CLANG_WARN_CONSTANT_CONVERSION = YES;
				CLANG_WARN_DEPRECATED_OBJC_IMPLEMENTATIONS = YES;
				CLANG_WARN_DIRECT_OBJC_ISA_USAGE = YES_ERROR;
				CLANG_WARN_DOCUMENTATION_COMMENTS = YES;
				CLANG_WARN_EMPTY_BODY = YES;
				CLANG_WARN_ENUM_CONVERSION = YES;
				CLANG_WARN_INFINITE_RECURSION = YES;
				CLANG_WARN_INT_CONVERSION = YES;
				CLANG_WARN_NON_LITERAL_NULL_CONVERSION = YES;
				CLANG_WARN_OBJC_IMPLICIT_RETAIN_SELF = YES;
				CLANG_WARN_OBJC_LITERAL_CONVERSION = YES;
				CLANG_WARN_OBJC_ROOT_CLASS = YES_ERROR;
				CLANG_WARN_RANGE_LOOP_ANALYSIS = YES;
				CLANG_WARN_STRICT_PROTOTYPES = YES;
				CLANG_WARN_SUSPICIOUS_MOVE = YES;
				CLANG_WARN_UNGUARDED_AVAILABILITY = YES_AGGRESSIVE;
				CLANG_WARN_UNREACHABLE_CODE = YES;
				CLANG_WARN__DUPLICATE_METHOD_MATCH = YES;
				CODE_SIGN_IDENTITY = "iPhone Developer";
				COPY_PHASE_STRIP = NO;
				DEBUG_INFORMATION_FORMAT = dwarf;
				ENABLE_STRICT_OBJC_MSGSEND = YES;
				ENABLE_TESTABILITY = YES;
				GCC_C_LANGUAGE_STANDARD = gnu11;
				GCC_DYNAMIC_NO_PIC = NO;
				GCC_NO_COMMON_BLOCKS = YES;
				GCC_OPTIMIZATION_LEVEL = 0;
				GCC_PREPROCESSOR_DEFINITIONS = (
					"DEBUG=1",
					"$(inherited)",
				);
				GCC_WARN_64_TO_32_BIT_CONVERSION = YES;
				GCC_WARN_ABOUT_RETURN_TYPE = YES_ERROR;
				GCC_WARN_UNDECLARED_SELECTOR = YES;
				GCC_WARN_UNINITIALIZED_AUTOS = YES_AGGRESSIVE;
				GCC_WARN_UNUSED_FUNCTION = YES;
				GCC_WARN_UNUSED_VARIABLE = YES;
				IPHONEOS_DEPLOYMENT_TARGET = 13.0;
				MTL_ENABLE_DEBUG_INFO = INCLUDE_SOURCE;
				MTL_FAST_MATH = YES;
				ONLY_ACTIVE_ARCH = YES;
				SDKROOT = iphoneos;
				SWIFT_ACTIVE_COMPILATION_CONDITIONS = DEBUG;
				SWIFT_OPTIMIZATION_LEVEL = "-Onone";
				SWIFT_VERSION = 5.0;
			};
			name = Debug;
		};
		AD950A7023119F0C00C7A7F6 /* Release */ = {
			isa = XCBuildConfiguration;
			buildSettings = {
				ALWAYS_SEARCH_USER_PATHS = NO;
				CLANG_ANALYZER_NONNULL = YES;
				CLANG_ANALYZER_NUMBER_OBJECT_CONVERSION = YES_AGGRESSIVE;
				CLANG_CXX_LANGUAGE_STANDARD = "gnu++14";
				CLANG_CXX_LIBRARY = "libc++";
				CLANG_ENABLE_MODULES = YES;
				CLANG_ENABLE_OBJC_ARC = YES;
				CLANG_ENABLE_OBJC_WEAK = YES;
				CLANG_WARN_BLOCK_CAPTURE_AUTORELEASING = YES;
				CLANG_WARN_BOOL_CONVERSION = YES;
				CLANG_WARN_COMMA = YES;
				CLANG_WARN_CONSTANT_CONVERSION = YES;
				CLANG_WARN_DEPRECATED_OBJC_IMPLEMENTATIONS = YES;
				CLANG_WARN_DIRECT_OBJC_ISA_USAGE = YES_ERROR;
				CLANG_WARN_DOCUMENTATION_COMMENTS = YES;
				CLANG_WARN_EMPTY_BODY = YES;
				CLANG_WARN_ENUM_CONVERSION = YES;
				CLANG_WARN_INFINITE_RECURSION = YES;
				CLANG_WARN_INT_CONVERSION = YES;
				CLANG_WARN_NON_LITERAL_NULL_CONVERSION = YES;
				CLANG_WARN_OBJC_IMPLICIT_RETAIN_SELF = YES;
				CLANG_WARN_OBJC_LITERAL_CONVERSION = YES;
				CLANG_WARN_OBJC_ROOT_CLASS = YES_ERROR;
				CLANG_WARN_RANGE_LOOP_ANALYSIS = YES;
				CLANG_WARN_STRICT_PROTOTYPES = YES;
				CLANG_WARN_SUSPICIOUS_MOVE = YES;
				CLANG_WARN_UNGUARDED_AVAILABILITY = YES_AGGRESSIVE;
				CLANG_WARN_UNREACHABLE_CODE = YES;
				CLANG_WARN__DUPLICATE_METHOD_MATCH = YES;
				CODE_SIGN_IDENTITY = "iPhone Developer";
				COPY_PHASE_STRIP = NO;
				DEBUG_INFORMATION_FORMAT = "dwarf-with-dsym";
				ENABLE_NS_ASSERTIONS = NO;
				ENABLE_STRICT_OBJC_MSGSEND = YES;
				GCC_C_LANGUAGE_STANDARD = gnu11;
				GCC_NO_COMMON_BLOCKS = YES;
				GCC_WARN_64_TO_32_BIT_CONVERSION = YES;
				GCC_WARN_ABOUT_RETURN_TYPE = YES_ERROR;
				GCC_WARN_UNDECLARED_SELECTOR = YES;
				GCC_WARN_UNINITIALIZED_AUTOS = YES_AGGRESSIVE;
				GCC_WARN_UNUSED_FUNCTION = YES;
				GCC_WARN_UNUSED_VARIABLE = YES;
				IPHONEOS_DEPLOYMENT_TARGET = 13.0;
				MTL_ENABLE_DEBUG_INFO = NO;
				MTL_FAST_MATH = YES;
				SDKROOT = iphoneos;
				SWIFT_COMPILATION_MODE = wholemodule;
				SWIFT_OPTIMIZATION_LEVEL = "-O";
				SWIFT_VERSION = 5.0;
				VALIDATE_PRODUCT = YES;
			};
			name = Release;
		};
		AD950A7223119F0C00C7A7F6 /* Debug */ = {
			isa = XCBuildConfiguration;
			buildSettings = {
				ASSETCATALOG_COMPILER_APPICON_NAME = AppIcon;
				CODE_SIGN_STYLE = Automatic;
				DEVELOPMENT_TEAM = F4H352D264;
				INFOPLIST_FILE = Cinephilia/Info.plist;
				LD_RUNPATH_SEARCH_PATHS = (
					"$(inherited)",
					"@executable_path/Frameworks",
				);
				PRODUCT_BUNDLE_IDENTIFIER = dev.amr.Cinephilia;
				PRODUCT_NAME = "$(TARGET_NAME)";
				SWIFT_VERSION = 5.0;
				TARGETED_DEVICE_FAMILY = "1,2";
			};
			name = Debug;
		};
		AD950A7323119F0C00C7A7F6 /* Release */ = {
			isa = XCBuildConfiguration;
			buildSettings = {
				ASSETCATALOG_COMPILER_APPICON_NAME = AppIcon;
				CODE_SIGN_STYLE = Automatic;
				DEVELOPMENT_TEAM = F4H352D264;
				INFOPLIST_FILE = Cinephilia/Info.plist;
				LD_RUNPATH_SEARCH_PATHS = (
					"$(inherited)",
					"@executable_path/Frameworks",
				);
				PRODUCT_BUNDLE_IDENTIFIER = dev.amr.Cinephilia;
				PRODUCT_NAME = "$(TARGET_NAME)";
				SWIFT_VERSION = 5.0;
				TARGETED_DEVICE_FAMILY = "1,2";
			};
			name = Release;
		};
		ADEF100A231EE89500BA8549 /* Debug */ = {
			isa = XCBuildConfiguration;
			buildSettings = {
				CODE_SIGN_STYLE = Automatic;
				DEVELOPMENT_TEAM = F4H352D264;
				INFOPLIST_FILE = MoviesViewControllerTest/Info.plist;
				LD_RUNPATH_SEARCH_PATHS = (
					"$(inherited)",
					"@executable_path/Frameworks",
					"@loader_path/Frameworks",
				);
				PRODUCT_BUNDLE_IDENTIFIER = dev.amr.MoviesViewControllerTest;
				PRODUCT_NAME = "$(TARGET_NAME)";
				SWIFT_VERSION = 5.0;
				TARGETED_DEVICE_FAMILY = "1,2";
				TEST_TARGET_NAME = Cinephilia;
			};
			name = Debug;
		};
		ADEF100B231EE89500BA8549 /* Release */ = {
			isa = XCBuildConfiguration;
			buildSettings = {
				CODE_SIGN_STYLE = Automatic;
				DEVELOPMENT_TEAM = F4H352D264;
				INFOPLIST_FILE = MoviesViewControllerTest/Info.plist;
				LD_RUNPATH_SEARCH_PATHS = (
					"$(inherited)",
					"@executable_path/Frameworks",
					"@loader_path/Frameworks",
				);
				PRODUCT_BUNDLE_IDENTIFIER = dev.amr.MoviesViewControllerTest;
				PRODUCT_NAME = "$(TARGET_NAME)";
				SWIFT_VERSION = 5.0;
				TARGETED_DEVICE_FAMILY = "1,2";
				TEST_TARGET_NAME = Cinephilia;
			};
			name = Release;
		};
/* End XCBuildConfiguration section */

/* Begin XCConfigurationList section */
		AD950A5A23119F0B00C7A7F6 /* Build configuration list for PBXProject "Cinephilia" */ = {
			isa = XCConfigurationList;
			buildConfigurations = (
				AD950A6F23119F0C00C7A7F6 /* Debug */,
				AD950A7023119F0C00C7A7F6 /* Release */,
			);
			defaultConfigurationIsVisible = 0;
			defaultConfigurationName = Release;
		};
		AD950A7123119F0C00C7A7F6 /* Build configuration list for PBXNativeTarget "Cinephilia" */ = {
			isa = XCConfigurationList;
			buildConfigurations = (
				AD950A7223119F0C00C7A7F6 /* Debug */,
				AD950A7323119F0C00C7A7F6 /* Release */,
			);
			defaultConfigurationIsVisible = 0;
			defaultConfigurationName = Release;
		};
		ADEF1009231EE89500BA8549 /* Build configuration list for PBXNativeTarget "MoviesViewControllerTest" */ = {
			isa = XCConfigurationList;
			buildConfigurations = (
				ADEF100A231EE89500BA8549 /* Debug */,
				ADEF100B231EE89500BA8549 /* Release */,
			);
			defaultConfigurationIsVisible = 0;
			defaultConfigurationName = Release;
		};
/* End XCConfigurationList section */

/* Begin XCRemoteSwiftPackageReference section */
		AD97BE322326E8A90070F9FD /* XCRemoteSwiftPackageReference "Kingfisher" */ = {
			isa = XCRemoteSwiftPackageReference;
			repositoryURL = "git@github.com:onevcat/Kingfisher.git";
			requirement = {
				branch = xcode11;
				kind = branch;
			};
		};
/* End XCRemoteSwiftPackageReference section */

/* Begin XCSwiftPackageProductDependency section */
		AD97BE332326E8A90070F9FD /* Kingfisher */ = {
			isa = XCSwiftPackageProductDependency;
			package = AD97BE322326E8A90070F9FD /* XCRemoteSwiftPackageReference "Kingfisher" */;
			productName = Kingfisher;
		};
/* End XCSwiftPackageProductDependency section */
	};
	rootObject = AD950A5723119F0B00C7A7F6 /* Project object */;
}
